<?xml version="1.0" encoding="utf-8"?>
<Project ToolsVersion="4.0" xmlns="http://schemas.microsoft.com/developer/msbuild/2003">
  <ItemGroup>
    <ClCompile Include="main.cpp" />
    <ClCompile Include="IVR.cpp">
      <Filter>include_cpp</Filter>
    </ClCompile>
    <ClCompile Include="Queue.cpp">
      <Filter>include_cpp</Filter>
    </ClCompile>
    <ClCompile Include="ActiveSip.cpp">
      <Filter>include_cpp</Filter>
    </ClCompile>
    <ClCompile Include="InternalFunction.cpp">
      <Filter>include_cpp</Filter>
    </ClCompile>
    <ClCompile Include="SQLRequest.cpp">
      <Filter>include_cpp</Filter>
    </ClCompile>
    <ClCompile Include="RemoteCommands.cpp">
      <Filter>include_cpp</Filter>
    </ClCompile>
    <ClCompile Include="Log.cpp">
      <Filter>include_cpp</Filter>
    </ClCompile>
    <ClCompile Include="HouseKeeping.cpp">
      <Filter>include_cpp</Filter>
    </ClCompile>
    <ClCompile Include="ISQLConnect.cpp">
      <Filter>include_cpp</Filter>
    </ClCompile>
    <ClCompile Include="RemoteCommandsCallback.cpp">
      <Filter>include_cpp</Filter>
    </ClCompile>
    <ClCompile Include="IFile.cpp">
      <Filter>include_cpp</Filter>
    </ClCompile>
    <ClCompile Include="PotokDispether.cpp">
      <Filter>include_cpp</Filter>
    </ClCompile>
    <ClCompile Include="IAsteriskData.cpp">
      <Filter>include_cpp</Filter>
    </ClCompile>
    <ClCompile Include="TCPServer.cpp">
      <Filter>include_cpp</Filter>
    </ClCompile>
    <ClCompile Include="utils.cpp">
      <Filter>include_cpp</Filter>
    </ClCompile>
    <ClCompile Include="Dispather.cpp">
      <Filter>include_cpp</Filter>
    </ClCompile>
    <ClCompile Include="Command.cpp">
      <Filter>include_cpp</Filter>
    </ClCompile>
    <ClCompile Include="Event.cpp">
      <Filter>include_cpp</Filter>
    </ClCompile>
    <ClCompile Include="clearing_current_day\IClear.cpp">
      <Filter>include_cpp</Filter>
    </ClCompile>
    <ClCompile Include="clearing_current_day\HistoryQueue.cpp">
      <Filter>include_cpp</Filter>
    </ClCompile>
    <ClCompile Include="clearing_current_day\HistoryIvr.cpp">
      <Filter>include_cpp</Filter>
    </ClCompile>
  </ItemGroup>
  <ItemGroup>
    <Filter Include="include_cpp">
      <UniqueIdentifier>{5e4669d3-3602-4464-96f3-3e84b792606d}</UniqueIdentifier>
    </Filter>
    <Filter Include="include_h">
      <UniqueIdentifier>{34a51258-0f14-4d7e-b5cf-77b0edafe02e}</UniqueIdentifier>
    </Filter>
  </ItemGroup>
  <ItemGroup>
    <ClInclude Include="IVR.h">
      <Filter>include_h</Filter>
    </ClInclude>
    <ClInclude Include="Queue.h">
      <Filter>include_h</Filter>
    </ClInclude>
    <ClInclude Include="Constants.h">
      <Filter>include_h</Filter>
    </ClInclude>
    <ClInclude Include="ActiveSip.h">
      <Filter>include_h</Filter>
    </ClInclude>
    <ClInclude Include="InternalFunction.h">
      <Filter>include_h</Filter>
    </ClInclude>
    <ClInclude Include="SQLRequest.h">
      <Filter>include_h</Filter>
    </ClInclude>
    <ClInclude Include="RemoteCommands.h">
      <Filter>include_h</Filter>
    </ClInclude>
    <ClInclude Include="Log.h">
      <Filter>include_h</Filter>
    </ClInclude>
    <ClInclude Include="HouseKeeping.h">
      <Filter>include_h</Filter>
    </ClInclude>
    <ClInclude Include="ISQLConnect.h">
      <Filter>include_h</Filter>
    </ClInclude>
    <ClInclude Include="AUTH.h">
      <Filter>include_h</Filter>
    </ClInclude>
    <ClInclude Include="DEBUG.h">
      <Filter>include_h</Filter>
    </ClInclude>
    <ClInclude Include="RemoteCommandsCallback.h">
      <Filter>include_h</Filter>
    </ClInclude>
    <ClInclude Include="IFile.h">
      <Filter>include_h</Filter>
    </ClInclude>
    <ClInclude Include="PotokDispether.h">
      <Filter>include_h</Filter>
    </ClInclude>
    <ClInclude Include="IAsteriskData.h">
      <Filter>include_h</Filter>
    </ClInclude>
    <ClInclude Include="TCPServer.h">
      <Filter>include_h</Filter>
    </ClInclude>
    <ClInclude Include="utils.h">
      <Filter>include_h</Filter>
    </ClInclude>
    <ClInclude Include="Dispather.h">
      <Filter>include_h</Filter>
    </ClInclude>
    <ClInclude Include="Command.h">
      <Filter>include_h</Filter>
    </ClInclude>
    <ClInclude Include="Event.h">
      <Filter>include_h</Filter>
    </ClInclude>
    <ClInclude Include="clearing_current_day\IClear.h">
      <Filter>include_h</Filter>
    </ClInclude>
    <ClInclude Include="clearing_current_day\HistoryQueue.h">
      <Filter>include_h</Filter>
    </ClInclude>
    <ClInclude Include="clearing_current_day\HistoryIvr.h">
      <Filter>include_h</Filter>
    </ClInclude>
  </ItemGroup>
</Project>